
Microsoft Visual Studio Solution File, Format Version 12.00
# Visual Studio Version 17
VisualStudioVersion = 17.5.002.0
MinimumVisualStudioVersion = 10.0.40219.1
Project("{9A19103F-16F7-4668-BE54-9A1E7A4F7556}") = "SymphonyLang", "SymphonyLang.csproj", "{DDD26A66-BBC4-4F0F-8894-5ECBA1C6E289}"
EndProject
Global
	GlobalSection(SolutionConfigurationPlatforms) = preSolution
		Debug|Any CPU = Debug|Any CPU
		Release|Any CPU = Release|Any CPU
	EndGlobalSection
	GlobalSection(ProjectConfigurationPlatforms) = postSolution
		{DDD26A66-BBC4-4F0F-8894-5ECBA1C6E289}.Debug|Any CPU.ActiveCfg = Debug|Any CPU
		{DDD26A66-BBC4-4F0F-8894-5ECBA1C6E289}.Debug|Any CPU.Build.0 = Debug|Any CPU
		{DDD26A66-BBC4-4F0F-8894-5ECBA1C6E289}.Release|Any CPU.ActiveCfg = Release|Any CPU
		{DDD26A66-BBC4-4F0F-8894-5ECBA1C6E289}.Release|Any CPU.Build.0 = Release|Any CPU
	EndGlobalSection
	GlobalSection(SolutionProperties) = preSolution
		HideSolutionNode = FALSE
	EndGlobalSection
	GlobalSection(ExtensibilityGlobals) = postSolution
		SolutionGuid = {9CECD20A-3737-4FFA-9948-8452598AB165}
	EndGlobalSection
EndGlobal
